
Microsoft Visual Studio Solution File, Format Version 12.00
# Visual Studio Version 18
VisualStudioVersion = 18.9.12120.119 stable
MinimumVisualStudioVersion = 10.0.40219.1
Project("{FAE04EC0-301F-11D3-BF4B-00C04F79EFBC}") = "WpfApp1", "WpfApp1\WpfApp1.csproj", "{D5B6DEAD-092A-4F90-B713-AE902741D79E}"
EndProject
Global
	GlobalSection(SolutionConfigurationPlatforms) = preSolution
		Debug|Any CPU = Debug|Any CPU
		Release|Any CPU = Release|Any CPU
	EndGlobalSection
	GlobalSection(ProjectConfigurationPlatforms) = postSolution
		{D5B6DEAD-092A-4F90-B713-AE902741D79E}.Debug|Any CPU.ActiveCfg = Debug|Any CPU
		{D5B6DEAD-092A-4F90-B713-AE902741D79E}.Debug|Any CPU.Build.0 = Debug|Any CPU
		{D5B6DEAD-092A-4F90-B713-AE902741D79E}.Release|Any CPU.ActiveCfg = Release|Any CPU
		{D5B6DEAD-092A-4F90-B713-AE902741D79E}.Release|Any CPU.Build.0 = Release|Any CPU
	EndGlobalSection
	GlobalSection(SolutionProperties) = preSolution
		HideSolutionNode = FALSE
	EndGlobalSection
EndGlobal
